<?xml version="1.0" encoding="utf-8"?>
<Project ToolsVersion="4.0" xmlns="http://schemas.microsoft.com/developer/msbuild/2003">
  <ItemGroup>
    <Filter Include="Source Files">
      <UniqueIdentifier>{4FC737F1-C7A5-4376-A066-2A32D752A2FF}</UniqueIdentifier>
      <Extensions>cpp;c;cc;cxx;def;odl;idl;hpj;bat;asm;asmx</Extensions>
    </Filter>
    <Filter Include="Header Files">
      <UniqueIdentifier>{93995380-89BD-4b04-88EB-625FBE52EBFB}</UniqueIdentifier>
      <Extensions>h;hh;hpp;hxx;hm;inl;inc;xsd</Extensions>
    </Filter>
    <Filter Include="Resource Files">
      <UniqueIdentifier>{67DA6AB6-F800-4c08-8B7A-83BB121AAD01}</UniqueIdentifier>
      <Extensions>rc;ico;cur;bmp;dlg;rc2;rct;bin;rgs;gif;jpg;jpeg;jpe;resx;tiff;tif;png;wav</Extensions>
    </Filter>
  </ItemGroup>
  <ItemGroup>
    <ClCompile Include="console\src\main.cpp">
      <Filter>Source Files</Filter>
    </ClCompile>
    <ClCompile Include="console\src\TestCommand.cpp">
      <Filter>Source Files</Filter>
    </ClCompile>
    <ClCompile Include="src\command\AbstractCommand.cpp">
      <Filter>Source Files</Filter>
    </ClCompile>
    <ClCompile Include="src\command\CatchmentCommand.cpp">
      <Filter>Source Files</Filter>
    </ClCompile>
    <ClCompile Include="src\command\FlowAccumulationCommand.cpp">
      <Filter>Source Files</Filter>
    </ClCompile>
    <ClCompile Include="src\command\SinkDestroyCommand.cpp">
      <Filter>Source Files</Filter>
    </ClCompile>
    <ClCompile Include="src\command\StreamDefinitionCommand.cpp">
      <Filter>Source Files</Filter>
    </ClCompile>
    <ClCompile Include="src\command\StreamSegmentationCommand.cpp">
      <Filter>Source Files</Filter>
    </ClCompile>
    <ClCompile Include="src\command\WatershedDelineationCommand.cpp">
      <Filter>Source Files</Filter>
    </ClCompile>
    <ClCompile Include="src\domain\AbstractCommandInput.cpp">
      <Filter>Source Files</Filter>
    </ClCompile>
    <ClCompile Include="src\domain\CatchmentCommandInput.cpp">
      <Filter>Source Files</Filter>
    </ClCompile>
    <ClCompile Include="src\domain\FileCommand.cpp">
      <Filter>Source Files</Filter>
    </ClCompile>
    <ClCompile Include="src\domain\FlowAccumulationCommandInput.cpp">
      <Filter>Source Files</Filter>
    </ClCompile>
    <ClCompile Include="src\domain\HeuristicSinkRemovalCommandInput.cpp">
      <Filter>Source Files</Filter>
    </ClCompile>
    <ClCompile Include="src\domain\HydrotoolsProcessType.cpp">
      <Filter>Source Files</Filter>
    </ClCompile>
    <ClCompile Include="src\domain\StreamDefinitionCommandInput.cpp">
      <Filter>Source Files</Filter>
    </ClCompile>
    <ClCompile Include="src\domain\StreamSegmentationCommandInput.cpp">
      <Filter>Source Files</Filter>
    </ClCompile>
    <ClCompile Include="src\domain\WatershedDelineationCommandInput.cpp">
      <Filter>Source Files</Filter>
    </ClCompile>
    <ClCompile Include="src\exception\CatchmentDelineationIsNotValidInputCommandException.cpp">
      <Filter>Source Files</Filter>
    </ClCompile>
    <ClCompile Include="src\exception\CatchmentDelineationProcessException.cpp">
      <Filter>Source Files</Filter>
    </ClCompile>
    <ClCompile Include="src\exception\FlowAccumulationIsNotValidInputCommandException.cpp">
      <Filter>Source Files</Filter>
    </ClCompile>
    <ClCompile Include="src\exception\FlowAccumulationProcessException.cpp">
      <Filter>Source Files</Filter>
    </ClCompile>
    <ClCompile Include="src\exception\SinkDestroyIsNotValidInputCommandException.cpp">
      <Filter>Source Files</Filter>
    </ClCompile>
    <ClCompile Include="src\exception\SinkDestroyProcessException.cpp">
      <Filter>Source Files</Filter>
    </ClCompile>
    <ClCompile Include="src\exception\StreamDefinitionIsNotValidInputCommandException.cpp">
      <Filter>Source Files</Filter>
    </ClCompile>
    <ClCompile Include="src\exception\StreamDefinitionProcessException.cpp">
      <Filter>Source Files</Filter>
    </ClCompile>
    <ClCompile Include="src\exception\StreamSegmentationIsNotValidInputCommandException.cpp">
      <Filter>Source Files</Filter>
    </ClCompile>
    <ClCompile Include="src\exception\StreamSegmentationProcessException.cpp">
      <Filter>Source Files</Filter>
    </ClCompile>
    <ClCompile Include="src\exception\WatershedDelineationIsNotValidInputCommandException.cpp">
      <Filter>Source Files</Filter>
    </ClCompile>
    <ClCompile Include="src\exception\WatershedDelineationProcessException.cpp">
      <Filter>Source Files</Filter>
    </ClCompile>
    <ClCompile Include="src\infrastructure\AbstractRasterIO.cpp">
      <Filter>Source Files</Filter>
    </ClCompile>
    <ClCompile Include="src\infrastructure\RasterIO.cpp">
      <Filter>Source Files</Filter>
    </ClCompile>
    <ClCompile Include="src\service\Catchment.cpp">
      <Filter>Source Files</Filter>
    </ClCompile>
    <ClCompile Include="src\service\Cell.cpp">
      <Filter>Source Files</Filter>
    </ClCompile>
    <ClCompile Include="src\service\CellWatershed.cpp">
      <Filter>Source Files</Filter>
    </ClCompile>
    <ClCompile Include="src\service\FlowAccumulation.cpp">
      <Filter>Source Files</Filter>
    </ClCompile>
    <ClCompile Include="src\service\FlowDirection.cpp">
      <Filter>Source Files</Filter>
    </ClCompile>
    <ClCompile Include="src\service\HeuristicCell.cpp">
      <Filter>Source Files</Filter>
    </ClCompile>
    <ClCompile Include="src\service\HeuristicSinkRemoval.cpp">
      <Filter>Source Files</Filter>
    </ClCompile>
    <ClCompile Include="src\service\HeuristicSinkRemovalUtil.cpp">
      <Filter>Source Files</Filter>
    </ClCompile>
    <ClCompile Include="src\service\JunctionCell.cpp">
      <Filter>Source Files</Filter>
    </ClCompile>
    <ClCompile Include="src\service\LengthSegmentation.cpp">
      <Filter>Source Files</Filter>
    </ClCompile>
    <ClCompile Include="src\service\StreamAccumLength.cpp">
      <Filter>Source Files</Filter>
    </ClCompile>
    <ClCompile Include="src\service\StreamDefinition.cpp">
      <Filter>Source Files</Filter>
    </ClCompile>
    <ClCompile Include="src\service\StreamSegmentation.cpp">
      <Filter>Source Files</Filter>
    </ClCompile>
    <ClCompile Include="src\service\shape\Box.cpp">
      <Filter>Source Files</Filter>
    </ClCompile>
    <ClCompile Include="src\service\shape\Part.cpp">
      <Filter>Source Files</Filter>
    </ClCompile>
    <ClCompile Include="src\service\shape\Point.cpp">
      <Filter>Source Files</Filter>
    </ClCompile>
    <ClCompile Include="src\service\shape\ShapeFile.cpp">
      <Filter>Source Files</Filter>
    </ClCompile>
    <ClCompile Include="src\service\shape\ShapeObject.cpp">
      <Filter>Source Files</Filter>
    </ClCompile>
    <ClCompile Include="src\util\HDF5Util.cpp">
      <Filter>Source Files</Filter>
    </ClCompile>
    <ClCompile Include="src\util\HydroToolsUtil.cpp">
      <Filter>Source Files</Filter>
    </ClCompile>
    <ClCompile Include="test\src\main.cpp">
      <Filter>Source Files</Filter>
    </ClCompile>
    <ClCompile Include="test\src\TestCommand.cpp">
      <Filter>Source Files</Filter>
    </ClCompile>
  </ItemGroup>
  <ItemGroup>
    <ClInclude Include="include\continental\hydrotools\TestCommand.h">
      <Filter>Header Files</Filter>
    </ClInclude>
    <ClInclude Include="include\continental\hydrotools\command\AbstractCommand.h">
      <Filter>Header Files</Filter>
    </ClInclude>
    <ClInclude Include="include\continental\hydrotools\command\CatchmentCommand.h">
      <Filter>Header Files</Filter>
    </ClInclude>
    <ClInclude Include="include\continental\hydrotools\command\FlowAccumulation.h">
      <Filter>Header Files</Filter>
    </ClInclude>
    <ClInclude Include="include\continental\hydrotools\command\SinkDestroyCommand.h">
      <Filter>Header Files</Filter>
    </ClInclude>
    <ClInclude Include="include\continental\hydrotools\command\StreamDefinitionCommand.h">
      <Filter>Header Files</Filter>
    </ClInclude>
    <ClInclude Include="include\continental\hydrotools\command\StreamSegmentationCommand.h">
      <Filter>Header Files</Filter>
    </ClInclude>
    <ClInclude Include="include\continental\hydrotools\command\WatershedDelineationCommand.h">
      <Filter>Header Files</Filter>
    </ClInclude>
    <ClInclude Include="include\continental\hydrotools\domain\AbstractCommandInput.h">
      <Filter>Header Files</Filter>
    </ClInclude>
    <ClInclude Include="include\continental\hydrotools\domain\CatchmentCommandInput.h">
      <Filter>Header Files</Filter>
    </ClInclude>
    <ClInclude Include="include\continental\hydrotools\domain\FileCommand.h">
      <Filter>Header Files</Filter>
    </ClInclude>
    <ClInclude Include="include\continental\hydrotools\domain\FlowAccumulationCommandInput.h">
      <Filter>Header Files</Filter>
    </ClInclude>
    <ClInclude Include="include\continental\hydrotools\domain\HeuristicSinkRemovalCommandInput.h">
      <Filter>Header Files</Filter>
    </ClInclude>
    <ClInclude Include="include\continental\hydrotools\domain\HydrotoolsProcessType.h">
      <Filter>Header Files</Filter>
    </ClInclude>
    <ClInclude Include="include\continental\hydrotools\domain\StreamDefinitionCommandInput.h">
      <Filter>Header Files</Filter>
    </ClInclude>
    <ClInclude Include="include\continental\hydrotools\domain\StreamSegmentationCommandInput.h">
      <Filter>Header Files</Filter>
    </ClInclude>
    <ClInclude Include="include\continental\hydrotools\domain\WatershedDelineationCommandInput.h">
      <Filter>Header Files</Filter>
    </ClInclude>
    <ClInclude Include="include\continental\hydrotools\exception\CatchmentDelineationIsNotValidInputCommandException.h">
      <Filter>Header Files</Filter>
    </ClInclude>
    <ClInclude Include="include\continental\hydrotools\exception\CatchmentDelineationProcessException.h">
      <Filter>Header Files</Filter>
    </ClInclude>
    <ClInclude Include="include\continental\hydrotools\exception\FlowAccumulationIsNotValidInputCommandException.h">
      <Filter>Header Files</Filter>
    </ClInclude>
    <ClInclude Include="include\continental\hydrotools\exception\FlowAccumulationProcessException.h">
      <Filter>Header Files</Filter>
    </ClInclude>
    <ClInclude Include="include\continental\hydrotools\exception\SinkDestroyIsNotValidInputCommandException.h">
      <Filter>Header Files</Filter>
    </ClInclude>
    <ClInclude Include="include\continental\hydrotools\exception\SinkDestroyProcessException.h">
      <Filter>Header Files</Filter>
    </ClInclude>
    <ClInclude Include="include\continental\hydrotools\exception\StreamDefinitionIsNotValidInputCommandException.h">
      <Filter>Header Files</Filter>
    </ClInclude>
    <ClInclude Include="include\continental\hydrotools\exception\StreamDefinitionProcessException.h">
      <Filter>Header Files</Filter>
    </ClInclude>
    <ClInclude Include="include\continental\hydrotools\exception\StreamSegmentationIsNotValidInputCommandException.h">
      <Filter>Header Files</Filter>
    </ClInclude>
    <ClInclude Include="include\continental\hydrotools\exception\StreamSegmentationProcessException.h">
      <Filter>Header Files</Filter>
    </ClInclude>
    <ClInclude Include="include\continental\hydrotools\exception\WatershedDelineationIsNotValidInputCommandException.h">
      <Filter>Header Files</Filter>
    </ClInclude>
    <ClInclude Include="include\continental\hydrotools\exception\WatershedDelineationProcessException.h">
      <Filter>Header Files</Filter>
    </ClInclude>
    <ClInclude Include="include\continental\hydrotools\infrastructure\AbstractRasterIO.h">
      <Filter>Header Files</Filter>
    </ClInclude>
    <ClInclude Include="include\continental\hydrotools\infrastructure\RasterIO.h">
      <Filter>Header Files</Filter>
    </ClInclude>
    <ClInclude Include="include\continental\hydrotools\service\Catchment.h">
      <Filter>Header Files</Filter>
    </ClInclude>
    <ClInclude Include="include\continental\hydrotools\service\Cell.h">
      <Filter>Header Files</Filter>
    </ClInclude>
    <ClInclude Include="include\continental\hydrotools\service\CellWatershed.h">
      <Filter>Header Files</Filter>
    </ClInclude>
    <ClInclude Include="include\continental\hydrotools\service\FlowAccumulation.h">
      <Filter>Header Files</Filter>
    </ClInclude>
    <ClInclude Include="include\continental\hydrotools\service\FlowDirection.h">
      <Filter>Header Files</Filter>
    </ClInclude>
    <ClInclude Include="include\continental\hydrotools\service\HeuristicCell.h">
      <Filter>Header Files</Filter>
    </ClInclude>
    <ClInclude Include="include\continental\hydrotools\service\HeuristicSinkRemoval.h">
      <Filter>Header Files</Filter>
    </ClInclude>
    <ClInclude Include="include\continental\hydrotools\service\HeuristicSinkRemovalUtil.h">
      <Filter>Header Files</Filter>
    </ClInclude>
    <ClInclude Include="include\continental\hydrotools\service\JunctionCell.h">
      <Filter>Header Files</Filter>
    </ClInclude>
    <ClInclude Include="include\continental\hydrotools\service\LengthSegmentation.h">
      <Filter>Header Files</Filter>
    </ClInclude>
    <ClInclude Include="include\continental\hydrotools\service\StreamAccumLength.h">
      <Filter>Header Files</Filter>
    </ClInclude>
    <ClInclude Include="include\continental\hydrotools\service\StreamDefinition.h">
      <Filter>Header Files</Filter>
    </ClInclude>
    <ClInclude Include="include\continental\hydrotools\service\StreamSegmentation.h">
      <Filter>Header Files</Filter>
    </ClInclude>
    <ClInclude Include="include\continental\hydrotools\service\shape\Box.h">
      <Filter>Header Files</Filter>
    </ClInclude>
    <ClInclude Include="include\continental\hydrotools\service\shape\Part.h">
      <Filter>Header Files</Filter>
    </ClInclude>
    <ClInclude Include="include\continental\hydrotools\service\shape\Point.h">
      <Filter>Header Files</Filter>
    </ClInclude>
    <ClInclude Include="include\continental\hydrotools\service\shape\ShapeFile.h">
      <Filter>Header Files</Filter>
    </ClInclude>
    <ClInclude Include="include\continental\hydrotools\service\shape\ShapeObject.h">
      <Filter>Header Files</Filter>
    </ClInclude>
    <ClInclude Include="include\continental\hydrotools\util\HDF5Util.h">
      <Filter>Header Files</Filter>
    </ClInclude>
    <ClInclude Include="include\continental\hydrotools\util\HydroToolsUtil.h">
      <Filter>Header Files</Filter>
    </ClInclude>
    <ClInclude Include="install\debug\include\continental\hydrotools\TestCommand.h">
      <Filter>Header Files</Filter>
    </ClInclude>
    <ClInclude Include="install\debug\include\continental\hydrotools\command\AbstractCommand.h">
      <Filter>Header Files</Filter>
    </ClInclude>
    <ClInclude Include="install\debug\include\continental\hydrotools\command\CatchmentCommand.h">
      <Filter>Header Files</Filter>
    </ClInclude>
    <ClInclude Include="install\debug\include\continental\hydrotools\command\FlowAccumulation.h">
      <Filter>Header Files</Filter>
    </ClInclude>
    <ClInclude Include="install\debug\include\continental\hydrotools\command\SinkDestroyCommand.h">
      <Filter>Header Files</Filter>
    </ClInclude>
    <ClInclude Include="install\debug\include\continental\hydrotools\command\StreamDefinitionCommand.h">
      <Filter>Header Files</Filter>
    </ClInclude>
    <ClInclude Include="install\debug\include\continental\hydrotools\command\StreamSegmentationCommand.h">
      <Filter>Header Files</Filter>
    </ClInclude>
    <ClInclude Include="install\debug\include\continental\hydrotools\command\WatershedDelineationCommand.h">
      <Filter>Header Files</Filter>
    </ClInclude>
    <ClInclude Include="install\debug\include\continental\hydrotools\domain\AbstractCommandInput.h">
      <Filter>Header Files</Filter>
    </ClInclude>
    <ClInclude Include="install\debug\include\continental\hydrotools\domain\CatchmentCommandInput.h">
      <Filter>Header Files</Filter>
    </ClInclude>
    <ClInclude Include="install\debug\include\continental\hydrotools\domain\FileCommand.h">
      <Filter>Header Files</Filter>
    </ClInclude>
    <ClInclude Include="install\debug\include\continental\hydrotools\domain\FlowAccumulationCommandInput.h">
      <Filter>Header Files</Filter>
    </ClInclude>
    <ClInclude Include="install\debug\include\continental\hydrotools\domain\HeuristicSinkRemovalCommandInput.h">
      <Filter>Header Files</Filter>
    </ClInclude>
    <ClInclude Include="install\debug\include\continental\hydrotools\domain\HydrotoolsProcessType.h">
      <Filter>Header Files</Filter>
    </ClInclude>
    <ClInclude Include="install\debug\include\continental\hydrotools\domain\StreamDefinitionCommandInput.h">
      <Filter>Header Files</Filter>
    </ClInclude>
    <ClInclude Include="install\debug\include\continental\hydrotools\domain\StreamSegmentationCommandInput.h">
      <Filter>Header Files</Filter>
    </ClInclude>
    <ClInclude Include="install\debug\include\continental\hydrotools\domain\WatershedDelineationCommandInput.h">
      <Filter>Header Files</Filter>
    </ClInclude>
    <ClInclude Include="install\debug\include\continental\hydrotools\exception\CatchmentDelineationIsNotValidInputCommandException.h">
      <Filter>Header Files</Filter>
    </ClInclude>
    <ClInclude Include="install\debug\include\continental\hydrotools\exception\CatchmentDelineationProcessException.h">
      <Filter>Header Files</Filter>
    </ClInclude>
    <ClInclude Include="install\debug\include\continental\hydrotools\exception\FlowAccumulationIsNotValidInputCommandException.h">
      <Filter>Header Files</Filter>
    </ClInclude>
    <ClInclude Include="install\debug\include\continental\hydrotools\exception\FlowAccumulationProcessException.h">
      <Filter>Header Files</Filter>
    </ClInclude>
    <ClInclude Include="install\debug\include\continental\hydrotools\exception\SinkDestroyIsNotValidInputCommandException.h">
      <Filter>Header Files</Filter>
    </ClInclude>
    <ClInclude Include="install\debug\include\continental\hydrotools\exception\SinkDestroyProcessException.h">
      <Filter>Header Files</Filter>
    </ClInclude>
    <ClInclude Include="install\debug\include\continental\hydrotools\exception\StreamDefinitionIsNotValidInputCommandException.h">
      <Filter>Header Files</Filter>
    </ClInclude>
    <ClInclude Include="install\debug\include\continental\hydrotools\exception\StreamDefinitionProcessException.h">
      <Filter>Header Files</Filter>
    </ClInclude>
    <ClInclude Include="install\debug\include\continental\hydrotools\exception\StreamSegmentationIsNotValidInputCommandException.h">
      <Filter>Header Files</Filter>
    </ClInclude>
    <ClInclude Include="install\debug\include\continental\hydrotools\exception\StreamSegmentationProcessException.h">
      <Filter>Header Files</Filter>
    </ClInclude>
    <ClInclude Include="install\debug\include\continental\hydrotools\exception\WatershedDelineationIsNotValidInputCommandException.h">
      <Filter>Header Files</Filter>
    </ClInclude>
    <ClInclude Include="install\debug\include\continental\hydrotools\exception\WatershedDelineationProcessException.h">
      <Filter>Header Files</Filter>
    </ClInclude>
    <ClInclude Include="install\debug\include\continental\hydrotools\infrastructure\AbstractRasterIO.h">
      <Filter>Header Files</Filter>
    </ClInclude>
    <ClInclude Include="install\debug\include\continental\hydrotools\infrastructure\RasterIO.h">
      <Filter>Header Files</Filter>
    </ClInclude>
    <ClInclude Include="install\debug\include\continental\hydrotools\service\Catchment.h">
      <Filter>Header Files</Filter>
    </ClInclude>
    <ClInclude Include="install\debug\include\continental\hydrotools\service\Cell.h">
      <Filter>Header Files</Filter>
    </ClInclude>
    <ClInclude Include="install\debug\include\continental\hydrotools\service\CellWatershed.h">
      <Filter>Header Files</Filter>
    </ClInclude>
    <ClInclude Include="install\debug\include\continental\hydrotools\service\FlowAccumulation.h">
      <Filter>Header Files</Filter>
    </ClInclude>
    <ClInclude Include="install\debug\include\continental\hydrotools\service\FlowDirection.h">
      <Filter>Header Files</Filter>
    </ClInclude>
    <ClInclude Include="install\debug\include\continental\hydrotools\service\HeuristicCell.h">
      <Filter>Header Files</Filter>
    </ClInclude>
    <ClInclude Include="install\debug\include\continental\hydrotools\service\HeuristicSinkRemoval.h">
      <Filter>Header Files</Filter>
    </ClInclude>
    <ClInclude Include="install\debug\include\continental\hydrotools\service\HeuristicSinkRemovalUtil.h">
      <Filter>Header Files</Filter>
    </ClInclude>
    <ClInclude Include="install\debug\include\continental\hydrotools\service\JunctionCell.h">
      <Filter>Header Files</Filter>
    </ClInclude>
    <ClInclude Include="install\debug\include\continental\hydrotools\service\LengthSegmentation.h">
      <Filter>Header Files</Filter>
    </ClInclude>
    <ClInclude Include="install\debug\include\continental\hydrotools\service\StreamAccumLength.h">
      <Filter>Header Files</Filter>
    </ClInclude>
    <ClInclude Include="install\debug\include\continental\hydrotools\service\StreamDefinition.h">
      <Filter>Header Files</Filter>
    </ClInclude>
    <ClInclude Include="install\debug\include\continental\hydrotools\service\StreamSegmentation.h">
      <Filter>Header Files</Filter>
    </ClInclude>
    <ClInclude Include="install\debug\include\continental\hydrotools\service\shape\Box.h">
      <Filter>Header Files</Filter>
    </ClInclude>
    <ClInclude Include="install\debug\include\continental\hydrotools\service\shape\Part.h">
      <Filter>Header Files</Filter>
    </ClInclude>
    <ClInclude Include="install\debug\include\continental\hydrotools\service\shape\Point.h">
      <Filter>Header Files</Filter>
    </ClInclude>
    <ClInclude Include="install\debug\include\continental\hydrotools\service\shape\ShapeFile.h">
      <Filter>Header Files</Filter>
    </ClInclude>
    <ClInclude Include="install\debug\include\continental\hydrotools\service\shape\ShapeObject.h">
      <Filter>Header Files</Filter>
    </ClInclude>
    <ClInclude Include="install\debug\include\continental\hydrotools\util\HDF5Util.h">
      <Filter>Header Files</Filter>
    </ClInclude>
    <ClInclude Include="install\debug\include\continental\hydrotools\util\HydroToolsUtil.h">
      <Filter>Header Files</Filter>
    </ClInclude>
    <ClInclude Include="install\release\include\continental\hydrotools\TestCommand.h">
      <Filter>Header Files</Filter>
    </ClInclude>
    <ClInclude Include="install\release\include\continental\hydrotools\command\AbstractCommand.h">
      <Filter>Header Files</Filter>
    </ClInclude>
    <ClInclude Include="install\release\include\continental\hydrotools\command\CatchmentCommand.h">
      <Filter>Header Files</Filter>
    </ClInclude>
    <ClInclude Include="install\release\include\continental\hydrotools\command\FlowAccumulation.h">
      <Filter>Header Files</Filter>
    </ClInclude>
    <ClInclude Include="install\release\include\continental\hydrotools\command\SinkDestroyCommand.h">
      <Filter>Header Files</Filter>
    </ClInclude>
    <ClInclude Include="install\release\include\continental\hydrotools\command\StreamDefinitionCommand.h">
      <Filter>Header Files</Filter>
    </ClInclude>
    <ClInclude Include="install\release\include\continental\hydrotools\command\StreamSegmentationCommand.h">
      <Filter>Header Files</Filter>
    </ClInclude>
    <ClInclude Include="install\release\include\continental\hydrotools\command\WatershedDelineationCommand.h">
      <Filter>Header Files</Filter>
    </ClInclude>
    <ClInclude Include="install\release\include\continental\hydrotools\domain\AbstractCommandInput.h">
      <Filter>Header Files</Filter>
    </ClInclude>
    <ClInclude Include="install\release\include\continental\hydrotools\domain\CatchmentCommandInput.h">
      <Filter>Header Files</Filter>
    </ClInclude>
    <ClInclude Include="install\release\include\continental\hydrotools\domain\FileCommand.h">
      <Filter>Header Files</Filter>
    </ClInclude>
    <ClInclude Include="install\release\include\continental\hydrotools\domain\FlowAccumulationCommandInput.h">
      <Filter>Header Files</Filter>
    </ClInclude>
    <ClInclude Include="install\release\include\continental\hydrotools\domain\HeuristicSinkRemovalCommandInput.h">
      <Filter>Header Files</Filter>
    </ClInclude>
    <ClInclude Include="install\release\include\continental\hydrotools\domain\HydrotoolsProcessType.h">
      <Filter>Header Files</Filter>
    </ClInclude>
    <ClInclude Include="install\release\include\continental\hydrotools\domain\StreamDefinitionCommandInput.h">
      <Filter>Header Files</Filter>
    </ClInclude>
    <ClInclude Include="install\release\include\continental\hydrotools\domain\StreamSegmentationCommandInput.h">
      <Filter>Header Files</Filter>
    </ClInclude>
    <ClInclude Include="install\release\include\continental\hydrotools\domain\WatershedDelineationCommandInput.h">
      <Filter>Header Files</Filter>
    </ClInclude>
    <ClInclude Include="install\release\include\continental\hydrotools\exception\CatchmentDelineationIsNotValidInputCommandException.h">
      <Filter>Header Files</Filter>
    </ClInclude>
    <ClInclude Include="install\release\include\continental\hydrotools\exception\CatchmentDelineationProcessException.h">
      <Filter>Header Files</Filter>
    </ClInclude>
    <ClInclude Include="install\release\include\continental\hydrotools\exception\FlowAccumulationIsNotValidInputCommandException.h">
      <Filter>Header Files</Filter>
    </ClInclude>
    <ClInclude Include="install\release\include\continental\hydrotools\exception\FlowAccumulationProcessException.h">
      <Filter>Header Files</Filter>
    </ClInclude>
    <ClInclude Include="install\release\include\continental\hydrotools\exception\SinkDestroyIsNotValidInputCommandException.h">
      <Filter>Header Files</Filter>
    </ClInclude>
    <ClInclude Include="install\release\include\continental\hydrotools\exception\SinkDestroyProcessException.h">
      <Filter>Header Files</Filter>
    </ClInclude>
    <ClInclude Include="install\release\include\continental\hydrotools\exception\StreamDefinitionIsNotValidInputCommandException.h">
      <Filter>Header Files</Filter>
    </ClInclude>
    <ClInclude Include="install\release\include\continental\hydrotools\exception\StreamDefinitionProcessException.h">
      <Filter>Header Files</Filter>
    </ClInclude>
    <ClInclude Include="install\release\include\continental\hydrotools\exception\StreamSegmentationIsNotValidInputCommandException.h">
      <Filter>Header Files</Filter>
    </ClInclude>
    <ClInclude Include="install\release\include\continental\hydrotools\exception\StreamSegmentationProcessException.h">
      <Filter>Header Files</Filter>
    </ClInclude>
    <ClInclude Include="install\release\include\continental\hydrotools\exception\WatershedDelineationIsNotValidInputCommandException.h">
      <Filter>Header Files</Filter>
    </ClInclude>
    <ClInclude Include="install\release\include\continental\hydrotools\exception\WatershedDelineationProcessException.h">
      <Filter>Header Files</Filter>
    </ClInclude>
    <ClInclude Include="install\release\include\continental\hydrotools\infrastructure\AbstractRasterIO.h">
      <Filter>Header Files</Filter>
    </ClInclude>
    <ClInclude Include="install\release\include\continental\hydrotools\infrastructure\RasterIO.h">
      <Filter>Header Files</Filter>
    </ClInclude>
    <ClInclude Include="install\release\include\continental\hydrotools\service\Catchment.h">
      <Filter>Header Files</Filter>
    </ClInclude>
    <ClInclude Include="install\release\include\continental\hydrotools\service\Cell.h">
      <Filter>Header Files</Filter>
    </ClInclude>
    <ClInclude Include="install\release\include\continental\hydrotools\service\CellWatershed.h">
      <Filter>Header Files</Filter>
    </ClInclude>
    <ClInclude Include="install\release\include\continental\hydrotools\service\FlowAccumulation.h">
      <Filter>Header Files</Filter>
    </ClInclude>
    <ClInclude Include="install\release\include\continental\hydrotools\service\FlowDirection.h">
      <Filter>Header Files</Filter>
    </ClInclude>
    <ClInclude Include="install\release\include\continental\hydrotools\service\HeuristicCell.h">
      <Filter>Header Files</Filter>
    </ClInclude>
    <ClInclude Include="install\release\include\continental\hydrotools\service\HeuristicSinkRemoval.h">
      <Filter>Header Files</Filter>
    </ClInclude>
    <ClInclude Include="install\release\include\continental\hydrotools\service\HeuristicSinkRemovalUtil.h">
      <Filter>Header Files</Filter>
    </ClInclude>
    <ClInclude Include="install\release\include\continental\hydrotools\service\JunctionCell.h">
      <Filter>Header Files</Filter>
    </ClInclude>
    <ClInclude Include="install\release\include\continental\hydrotools\service\LengthSegmentation.h">
      <Filter>Header Files</Filter>
    </ClInclude>
    <ClInclude Include="install\release\include\continental\hydrotools\service\StreamAccumLength.h">
      <Filter>Header Files</Filter>
    </ClInclude>
    <ClInclude Include="install\release\include\continental\hydrotools\service\StreamDefinition.h">
      <Filter>Header Files</Filter>
    </ClInclude>
    <ClInclude Include="install\release\include\continental\hydrotools\service\StreamSegmentation.h">
      <Filter>Header Files</Filter>
    </ClInclude>
    <ClInclude Include="install\release\include\continental\hydrotools\service\shape\Box.h">
      <Filter>Header Files</Filter>
    </ClInclude>
    <ClInclude Include="install\release\include\continental\hydrotools\service\shape\Part.h">
      <Filter>Header Files</Filter>
    </ClInclude>
    <ClInclude Include="install\release\include\continental\hydrotools\service\shape\Point.h">
      <Filter>Header Files</Filter>
    </ClInclude>
    <ClInclude Include="install\release\include\continental\hydrotools\service\shape\ShapeFile.h">
      <Filter>Header Files</Filter>
    </ClInclude>
    <ClInclude Include="install\release\include\continental\hydrotools\service\shape\ShapeObject.h">
      <Filter>Header Files</Filter>
    </ClInclude>
    <ClInclude Include="install\release\include\continental\hydrotools\util\HDF5Util.h">
      <Filter>Header Files</Filter>
    </ClInclude>
    <ClInclude Include="install\release\include\continental\hydrotools\util\HydroToolsUtil.h">
      <Filter>Header Files</Filter>
    </ClInclude>
    <ClInclude Include="src\Readme.h">
      <Filter>Header Files</Filter>
    </ClInclude>
    <ClInclude Include="src\service\Readme.h">
      <Filter>Header Files</Filter>
    </ClInclude>
  </ItemGroup>
</Project>